
Microsoft Visual Studio Solution File, Format Version 12.00
# Visual Studio 15
VisualStudioVersion = 15.0.28307.329
MinimumVisualStudioVersion = 10.0.40219.1
Project("{9A19103F-16F7-4668-BE54-9A1E7A4F7556}") = "Task0", "HomeWork_1\Task0.csproj", "{AEB829D9-D411-44EB-8706-DF85F810F83C}"
EndProject
Project("{9A19103F-16F7-4668-BE54-9A1E7A4F7556}") = "Task1", "Task2\Task1.csproj", "{44F8AE41-7B04-4FD7-820B-2A167A828A05}"
EndProject
Project("{9A19103F-16F7-4668-BE54-9A1E7A4F7556}") = "Task2", "Task3\Task2.csproj", "{7D4CEFFD-315D-4061-A8EC-F2892F1C9F8E}"
EndProject
Project("{9A19103F-16F7-4668-BE54-9A1E7A4F7556}") = "Task3+4", "Task4\Task3+4.csproj", "{CCDD971C-06F7-4168-87BF-9481F2175D4A}"
EndProject
Project("{9A19103F-16F7-4668-BE54-9A1E7A4F7556}") = "Task5", "Task5\Task5.csproj", "{B195A10E-E2B1-4BCE-A150-B3441456C32C}"
EndProject
Project("{9A19103F-16F7-4668-BE54-9A1E7A4F7556}") = "Task6", "Task6\Task6.csproj", "{C3720025-A24D-4386-9CEE-36BB2D4A9687}"
EndProject
Project("{9A19103F-16F7-4668-BE54-9A1E7A4F7556}") = "Task7", "Task7\Task7.csproj", "{F5F36C79-BF91-4D09-8893-EDFB83365225}"
EndProject
Project("{FAE04EC0-301F-11D3-BF4B-00C04F79EFBC}") = "HW2_Task2", "HW2_Task2\HW2_Task2.csproj", "{3F1AB864-3344-4A06-AAB3-B6BAE9E35143}"
EndProject
Global
	GlobalSection(SolutionConfigurationPlatforms) = preSolution
		Debug|Any CPU = Debug|Any CPU
		Release|Any CPU = Release|Any CPU
	EndGlobalSection
	GlobalSection(ProjectConfigurationPlatforms) = postSolution
		{AEB829D9-D411-44EB-8706-DF85F810F83C}.Debug|Any CPU.ActiveCfg = Debug|Any CPU
		{AEB829D9-D411-44EB-8706-DF85F810F83C}.Debug|Any CPU.Build.0 = Debug|Any CPU
		{AEB829D9-D411-44EB-8706-DF85F810F83C}.Release|Any CPU.ActiveCfg = Release|Any CPU
		{AEB829D9-D411-44EB-8706-DF85F810F83C}.Release|Any CPU.Build.0 = Release|Any CPU
		{44F8AE41-7B04-4FD7-820B-2A167A828A05}.Debug|Any CPU.ActiveCfg = Debug|Any CPU
		{44F8AE41-7B04-4FD7-820B-2A167A828A05}.Debug|Any CPU.Build.0 = Debug|Any CPU
		{44F8AE41-7B04-4FD7-820B-2A167A828A05}.Release|Any CPU.ActiveCfg = Release|Any CPU
		{44F8AE41-7B04-4FD7-820B-2A167A828A05}.Release|Any CPU.Build.0 = Release|Any CPU
		{7D4CEFFD-315D-4061-A8EC-F2892F1C9F8E}.Debug|Any CPU.ActiveCfg = Debug|Any CPU
		{7D4CEFFD-315D-4061-A8EC-F2892F1C9F8E}.Debug|Any CPU.Build.0 = Debug|Any CPU
		{7D4CEFFD-315D-4061-A8EC-F2892F1C9F8E}.Release|Any CPU.ActiveCfg = Release|Any CPU
		{7D4CEFFD-315D-4061-A8EC-F2892F1C9F8E}.Release|Any CPU.Build.0 = Release|Any CPU
		{CCDD971C-06F7-4168-87BF-9481F2175D4A}.Debug|Any CPU.ActiveCfg = Debug|Any CPU
		{CCDD971C-06F7-4168-87BF-9481F2175D4A}.Debug|Any CPU.Build.0 = Debug|Any CPU
		{CCDD971C-06F7-4168-87BF-9481F2175D4A}.Release|Any CPU.ActiveCfg = Release|Any CPU
		{CCDD971C-06F7-4168-87BF-9481F2175D4A}.Release|Any CPU.Build.0 = Release|Any CPU
		{B195A10E-E2B1-4BCE-A150-B3441456C32C}.Debug|Any CPU.ActiveCfg = Debug|Any CPU
		{B195A10E-E2B1-4BCE-A150-B3441456C32C}.Debug|Any CPU.Build.0 = Debug|Any CPU
		{B195A10E-E2B1-4BCE-A150-B3441456C32C}.Release|Any CPU.ActiveCfg = Release|Any CPU
		{B195A10E-E2B1-4BCE-A150-B3441456C32C}.Release|Any CPU.Build.0 = Release|Any CPU
		{C3720025-A24D-4386-9CEE-36BB2D4A9687}.Debug|Any CPU.ActiveCfg = Debug|Any CPU
		{C3720025-A24D-4386-9CEE-36BB2D4A9687}.Debug|Any CPU.Build.0 = Debug|Any CPU
		{C3720025-A24D-4386-9CEE-36BB2D4A9687}.Release|Any CPU.ActiveCfg = Release|Any CPU
		{C3720025-A24D-4386-9CEE-36BB2D4A9687}.Release|Any CPU.Build.0 = Release|Any CPU
		{F5F36C79-BF91-4D09-8893-EDFB83365225}.Debug|Any CPU.ActiveCfg = Debug|Any CPU
		{F5F36C79-BF91-4D09-8893-EDFB83365225}.Debug|Any CPU.Build.0 = Debug|Any CPU
		{F5F36C79-BF91-4D09-8893-EDFB83365225}.Release|Any CPU.ActiveCfg = Release|Any CPU
		{F5F36C79-BF91-4D09-8893-EDFB83365225}.Release|Any CPU.Build.0 = Release|Any CPU
		{3F1AB864-3344-4A06-AAB3-B6BAE9E35143}.Debug|Any CPU.ActiveCfg = Debug|Any CPU
		{3F1AB864-3344-4A06-AAB3-B6BAE9E35143}.Debug|Any CPU.Build.0 = Debug|Any CPU
		{3F1AB864-3344-4A06-AAB3-B6BAE9E35143}.Release|Any CPU.ActiveCfg = Release|Any CPU
		{3F1AB864-3344-4A06-AAB3-B6BAE9E35143}.Release|Any CPU.Build.0 = Release|Any CPU
	EndGlobalSection
	GlobalSection(SolutionProperties) = preSolution
		HideSolutionNode = FALSE
	EndGlobalSection
	GlobalSection(ExtensibilityGlobals) = postSolution
		SolutionGuid = {7B48232D-91A1-4D83-A2F9-8DE5A5C4915F}
	EndGlobalSection
EndGlobal
